
Microsoft Visual Studio Solution File, Format Version 12.00
# Visual Studio Version 16
VisualStudioVersion = 16.0.31729.503
MinimumVisualStudioVersion = 10.0.40219.1
Project("{FAE04EC0-301F-11D3-BF4B-00C04F79EFBC}") = "GetallenRekenen", "GetallenRekenen\GetallenRekenen.csproj", "{422D2A4F-D696-4D1A-A364-9F324B1287BA}"
EndProject
Global
	GlobalSection(SolutionConfigurationPlatforms) = preSolution
		Debug|Any CPU = Debug|Any CPU
		Release|Any CPU = Release|Any CPU
	EndGlobalSection
	GlobalSection(ProjectConfigurationPlatforms) = postSolution
		{422D2A4F-D696-4D1A-A364-9F324B1287BA}.Debug|Any CPU.ActiveCfg = Debug|Any CPU
		{422D2A4F-D696-4D1A-A364-9F324B1287BA}.Debug|Any CPU.Build.0 = Debug|Any CPU
		{422D2A4F-D696-4D1A-A364-9F324B1287BA}.Release|Any CPU.ActiveCfg = Release|Any CPU
		{422D2A4F-D696-4D1A-A364-9F324B1287BA}.Release|Any CPU.Build.0 = Release|Any CPU
	EndGlobalSection
	GlobalSection(SolutionProperties) = preSolution
		HideSolutionNode = FALSE
	EndGlobalSection
	GlobalSection(ExtensibilityGlobals) = postSolution
		SolutionGuid = {855FA900-959D-4C7F-B7A8-BF4C7D0B2F36}
	EndGlobalSection
EndGlobal
